<?xml version="1.0" encoding="utf-8"?>
<Project ToolsVersion="4.0" xmlns="http://schemas.microsoft.com/developer/msbuild/2003">
  <ItemGroup>
    <Filter Include="Engine">
      <UniqueIdentifier>{895de84e-9a45-4768-b36e-26b5ae523f7d}</UniqueIdentifier>
    </Filter>
    <Filter Include="Utils">
      <UniqueIdentifier>{e80a1bfb-7b5a-413f-b2e1-901cbf91bd99}</UniqueIdentifier>
    </Filter>
    <Filter Include="Shader">
      <UniqueIdentifier>{00acea95-f2b8-4421-820d-e15eddb0cdc3}</UniqueIdentifier>
    </Filter>
    <Filter Include="Engine\Device">
      <UniqueIdentifier>{08345cb6-9437-4739-9f20-9b0ee54e89b4}</UniqueIdentifier>
    </Filter>
    <Filter Include="Engine\Device\SwapChain">
      <UniqueIdentifier>{0d9ea763-4300-4d2c-9771-d68eba2a734b}</UniqueIdentifier>
    </Filter>
    <Filter Include="Engine\Device\ConstantBuffer">
      <UniqueIdentifier>{12eeff99-31b5-424a-b6cf-d15ab642ab19}</UniqueIdentifier>
    </Filter>
    <Filter Include="Engine\Device\CommandQueue">
      <UniqueIdentifier>{7c8fad9e-352f-4e88-9f57-c59b6c5f4d50}</UniqueIdentifier>
    </Filter>
    <Filter Include="Engine\Device\RootSignature">
      <UniqueIdentifier>{317e52e1-ccf0-4f5a-afe0-354f1d8dcfa2}</UniqueIdentifier>
    </Filter>
    <Filter Include="Engine\Device\TableDescriptorHeap">
      <UniqueIdentifier>{9a0ff489-66f4-4b94-af74-0bd0f217b809}</UniqueIdentifier>
    </Filter>
    <Filter Include="Manager">
      <UniqueIdentifier>{1cdef6d5-e4c2-48b2-89b7-7e6d9377b534}</UniqueIdentifier>
    </Filter>
    <Filter Include="Manager\SceneManager">
      <UniqueIdentifier>{f79f73e2-e6dd-417f-b070-5f27f19fea56}</UniqueIdentifier>
    </Filter>
    <Filter Include="Manager\SceneManager\Scene">
      <UniqueIdentifier>{391e283c-3631-4553-9aa0-52ab694682fa}</UniqueIdentifier>
    </Filter>
    <Filter Include="Manager\Timer">
      <UniqueIdentifier>{bffbaf8f-8283-447c-bb83-5254ab07df98}</UniqueIdentifier>
    </Filter>
    <Filter Include="Manager\Input">
      <UniqueIdentifier>{10b79209-5277-4fc8-98cd-a13b8911622e}</UniqueIdentifier>
    </Filter>
    <Filter Include="Manager\Resources">
      <UniqueIdentifier>{9d9ddbe4-b705-4e77-ac0d-554f9dc69785}</UniqueIdentifier>
    </Filter>
    <Filter Include="Object">
      <UniqueIdentifier>{30094552-73f6-4418-865c-14e7e028638d}</UniqueIdentifier>
    </Filter>
    <Filter Include="Object\Component">
      <UniqueIdentifier>{cf69e63d-c9ce-4eea-843d-8ba71934e9af}</UniqueIdentifier>
    </Filter>
    <Filter Include="Object\Component\Camera">
      <UniqueIdentifier>{5636a001-42f7-495a-8bad-fe34038e32fd}</UniqueIdentifier>
    </Filter>
    <Filter Include="Object\Component\MeshRenderer">
      <UniqueIdentifier>{73f04300-5c8a-4cc0-8619-161c033f3338}</UniqueIdentifier>
    </Filter>
    <Filter Include="Object\Component\Transform">
      <UniqueIdentifier>{eace3fbe-9844-42b3-85b2-0ae6e444a7cf}</UniqueIdentifier>
    </Filter>
    <Filter Include="Object\Component\MonoBehaviour">
      <UniqueIdentifier>{e4d100a9-6604-4c00-9d75-89d7271ee4af}</UniqueIdentifier>
    </Filter>
    <Filter Include="Object\Component\MonoBehaviour\TestCameraScript">
      <UniqueIdentifier>{810ca15c-c913-42d9-937a-d68bd7600484}</UniqueIdentifier>
    </Filter>
    <Filter Include="Object\Component\Light">
      <UniqueIdentifier>{d491e011-e8fc-4f75-8862-079bdb756bd2}</UniqueIdentifier>
    </Filter>
    <Filter Include="Object\Resource">
      <UniqueIdentifier>{64c988ff-f5ed-4a75-88e1-5a24b5642327}</UniqueIdentifier>
    </Filter>
    <Filter Include="Engine\Device\StructuredBuffer">
      <UniqueIdentifier>{5a216aa5-a4b6-4567-8cee-12bb62a203d6}</UniqueIdentifier>
    </Filter>
    <Filter Include="Engine\Device\RenderTargetGroup">
      <UniqueIdentifier>{d3e40394-a7bc-4c9c-bfaf-04f226c66e1c}</UniqueIdentifier>
    </Filter>
    <Filter Include="Object\Component\ParticleSystem">
      <UniqueIdentifier>{7ba8925f-508d-4845-a27a-d52b5bcc5b8e}</UniqueIdentifier>
    </Filter>
    <Filter Include="Engine\Device\InstancingBuffer">
      <UniqueIdentifier>{b95b8b6e-77be-4799-8886-e11e34f41854}</UniqueIdentifier>
    </Filter>
    <Filter Include="Manager\InstancingManager">
      <UniqueIdentifier>{3d49a88b-d3a6-4c79-95d4-ab6c548a088e}</UniqueIdentifier>
    </Filter>
  </ItemGroup>
  <ItemGroup>
    <ClCompile Include="pch.cpp">
      <Filter>Utils</Filter>
    </ClCompile>
    <ClCompile Include="EnginePch.cpp">
      <Filter>Utils</Filter>
    </ClCompile>
    <ClCompile Include="Engine.cpp">
      <Filter>Engine</Filter>
    </ClCompile>
    <ClCompile Include="Mesh.cpp">
      <Filter>Object\Resource</Filter>
    </ClCompile>
    <ClCompile Include="Shader.cpp">
      <Filter>Object\Resource</Filter>
    </ClCompile>
    <ClCompile Include="SwapChain.cpp">
      <Filter>Engine\Device\SwapChain</Filter>
    </ClCompile>
    <ClCompile Include="CommandQueue.cpp">
      <Filter>Engine\Device\CommandQueue</Filter>
    </ClCompile>
    <ClCompile Include="ConstantBuffer.cpp">
      <Filter>Engine\Device\ConstantBuffer</Filter>
    </ClCompile>
    <ClCompile Include="Device.cpp">
      <Filter>Engine\Device</Filter>
    </ClCompile>
    <ClCompile Include="RootSignature.cpp">
      <Filter>Engine\Device\RootSignature</Filter>
    </ClCompile>
    <ClCompile Include="TableDescriptorHeap.cpp">
      <Filter>Engine\Device\TableDescriptorHeap</Filter>
    </ClCompile>
    <ClCompile Include="Texture.cpp">
      <Filter>Object\Resource</Filter>
    </ClCompile>
    <ClCompile Include="Timer.cpp">
      <Filter>Manager\Timer</Filter>
    </ClCompile>
    <ClCompile Include="Input.cpp">
      <Filter>Manager\Input</Filter>
    </ClCompile>
    <ClCompile Include="Material.cpp">
      <Filter>Object\Resource</Filter>
    </ClCompile>
    <ClCompile Include="GameObject.cpp">
      <Filter>Object</Filter>
    </ClCompile>
    <ClCompile Include="SceneManager.cpp">
      <Filter>Manager\SceneManager</Filter>
    </ClCompile>
    <ClCompile Include="Scene.cpp">
      <Filter>Manager\SceneManager\Scene</Filter>
    </ClCompile>
    <ClCompile Include="SimpleMath.cpp">
      <Filter>Utils</Filter>
    </ClCompile>
    <ClCompile Include="Component.cpp">
      <Filter>Object\Component</Filter>
    </ClCompile>
    <ClCompile Include="Camera.cpp">
      <Filter>Object\Component\Camera</Filter>
    </ClCompile>
    <ClCompile Include="MeshRenderer.cpp">
      <Filter>Object\Component\MeshRenderer</Filter>
    </ClCompile>
    <ClCompile Include="Transform.cpp">
      <Filter>Object\Component\Transform</Filter>
    </ClCompile>
    <ClCompile Include="MonoBehaviour.cpp">
      <Filter>Object\Component\MonoBehaviour</Filter>
    </ClCompile>
    <ClCompile Include="TestCameraScript.cpp">
      <Filter>Object\Component\MonoBehaviour\TestCameraScript</Filter>
    </ClCompile>
    <ClCompile Include="Resources.cpp">
      <Filter>Manager\Resources</Filter>
    </ClCompile>
    <ClCompile Include="Object.cpp">
      <Filter>Object</Filter>
    </ClCompile>
    <ClCompile Include="Light.cpp">
      <Filter>Object\Component\Light</Filter>
    </ClCompile>
    <ClCompile Include="Frustum.cpp">
      <Filter>Utils</Filter>
    </ClCompile>
    <ClCompile Include="RenderTargetGroup.cpp">
      <Filter>Engine\Device\RenderTargetGroup</Filter>
    </ClCompile>
    <ClCompile Include="StructuredBuffer.cpp">
      <Filter>Engine\Device\StructuredBuffer</Filter>
    </ClCompile>
    <ClCompile Include="ParticleSystem.cpp">
      <Filter>Object\Component\ParticleSystem</Filter>
    </ClCompile>
    <ClCompile Include="InstancingBuffer.cpp">
      <Filter>Engine\Device\InstancingBuffer</Filter>
    </ClCompile>
    <ClCompile Include="InstancingManager.cpp">
      <Filter>Manager\InstancingManager</Filter>
    </ClCompile>
  </ItemGroup>
  <ItemGroup>
    <ClInclude Include="pch.h">
      <Filter>Utils</Filter>
    </ClInclude>
    <ClInclude Include="EnginePch.h">
      <Filter>Utils</Filter>
    </ClInclude>
    <ClInclude Include="..\..\..\..\프로젝트 설정_소스코드\Engine\d3dx12.h">
      <Filter>Utils</Filter>
    </ClInclude>
    <ClInclude Include="Engine.h">
      <Filter>Engine</Filter>
    </ClInclude>
    <ClInclude Include="Mesh.h">
      <Filter>Object\Resource</Filter>
    </ClInclude>
    <ClInclude Include="Shader.h">
      <Filter>Object\Resource</Filter>
    </ClInclude>
    <ClInclude Include="SwapChain.h">
      <Filter>Engine\Device\SwapChain</Filter>
    </ClInclude>
    <ClInclude Include="CommandQueue.h">
      <Filter>Engine\Device\CommandQueue</Filter>
    </ClInclude>
    <ClInclude Include="ConstantBuffer.h">
      <Filter>Engine\Device\ConstantBuffer</Filter>
    </ClInclude>
    <ClInclude Include="Device.h">
      <Filter>Engine\Device</Filter>
    </ClInclude>
    <ClInclude Include="RootSignature.h">
      <Filter>Engine\Device\RootSignature</Filter>
    </ClInclude>
    <ClInclude Include="TableDescriptorHeap.h">
      <Filter>Engine\Device\TableDescriptorHeap</Filter>
    </ClInclude>
    <ClInclude Include="Texture.h">
      <Filter>Object\Resource</Filter>
    </ClInclude>
    <ClInclude Include="Timer.h">
      <Filter>Manager\Timer</Filter>
    </ClInclude>
    <ClInclude Include="Input.h">
      <Filter>Manager\Input</Filter>
    </ClInclude>
    <ClInclude Include="Material.h">
      <Filter>Object\Resource</Filter>
    </ClInclude>
    <ClInclude Include="GameObject.h">
      <Filter>Object</Filter>
    </ClInclude>
    <ClInclude Include="SceneManager.h">
      <Filter>Manager\SceneManager</Filter>
    </ClInclude>
    <ClInclude Include="Scene.h">
      <Filter>Manager\SceneManager\Scene</Filter>
    </ClInclude>
    <ClInclude Include="SimpleMath.h">
      <Filter>Utils</Filter>
    </ClInclude>
    <ClInclude Include="Component.h">
      <Filter>Object\Component</Filter>
    </ClInclude>
    <ClInclude Include="Camera.h">
      <Filter>Object\Component\Camera</Filter>
    </ClInclude>
    <ClInclude Include="MeshRenderer.h">
      <Filter>Object\Component\MeshRenderer</Filter>
    </ClInclude>
    <ClInclude Include="Transform.h">
      <Filter>Object\Component\Transform</Filter>
    </ClInclude>
    <ClInclude Include="MonoBehaviour.h">
      <Filter>Object\Component\MonoBehaviour</Filter>
    </ClInclude>
    <ClInclude Include="TestCameraScript.h">
      <Filter>Object\Component\MonoBehaviour\TestCameraScript</Filter>
    </ClInclude>
    <ClInclude Include="Resources.h">
      <Filter>Manager\Resources</Filter>
    </ClInclude>
    <ClInclude Include="Object.h">
      <Filter>Object</Filter>
    </ClInclude>
    <ClInclude Include="Light.h">
      <Filter>Object\Component\Light</Filter>
    </ClInclude>
    <ClInclude Include="Frustum.h">
      <Filter>Utils</Filter>
    </ClInclude>
    <ClInclude Include="RenderTargetGroup.h">
      <Filter>Engine\Device\RenderTargetGroup</Filter>
    </ClInclude>
    <ClInclude Include="StructuredBuffer.h">
      <Filter>Engine\Device\StructuredBuffer</Filter>
    </ClInclude>
    <ClInclude Include="ParticleSystem.h">
      <Filter>Object\Component\ParticleSystem</Filter>
    </ClInclude>
    <ClInclude Include="InstancingBuffer.h">
      <Filter>Engine\Device\InstancingBuffer</Filter>
    </ClInclude>
    <ClInclude Include="InstancingManager.h">
      <Filter>Manager\InstancingManager</Filter>
    </ClInclude>
  </ItemGroup>
  <ItemGroup>
    <None Include="SimpleMath.inl">
      <Filter>Utils</Filter>
    </None>
  </ItemGroup>
  <ItemGroup>
    <FxCompile Include="..\Resources\Shader\params.fx">
      <Filter>Shader</Filter>
    </FxCompile>
    <FxCompile Include="..\Resources\Shader\skybox.fx">
      <Filter>Shader</Filter>
    </FxCompile>
    <FxCompile Include="..\Resources\Shader\utils.fx">
      <Filter>Shader</Filter>
    </FxCompile>
    <FxCompile Include="..\Resources\Shader\forward.fx">
      <Filter>Shader</Filter>
    </FxCompile>
    <FxCompile Include="..\Resources\Shader\deferred.fx">
      <Filter>Shader</Filter>
    </FxCompile>
    <FxCompile Include="..\Resources\Shader\lighting.fx">
      <Filter>Shader</Filter>
    </FxCompile>
    <FxCompile Include="..\Resources\Shader\compute.fx">
      <Filter>Shader</Filter>
    </FxCompile>
    <FxCompile Include="..\Resources\Shader\particle.fx">
      <Filter>Shader</Filter>
    </FxCompile>
  </ItemGroup>
</Project>